
Microsoft Visual Studio Solution File, Format Version 12.00
# Visual Studio Version 17
VisualStudioVersion = 17.0.31912.275
MinimumVisualStudioVersion = 10.0.40219.1
Project("{FAE04EC0-301F-11D3-BF4B-00C04F79EFBC}") = "Ch4-studio-restaurantMenu", "Ch4-studio-restaurantMenu\Ch4-studio-restaurantMenu.csproj", "{ADCD19E0-DE2F-4BA5-A7A3-720C7CD343EE}"
EndProject
Global
	GlobalSection(SolutionConfigurationPlatforms) = preSolution
		Debug|Any CPU = Debug|Any CPU
		Release|Any CPU = Release|Any CPU
	EndGlobalSection
	GlobalSection(ProjectConfigurationPlatforms) = postSolution
		{ADCD19E0-DE2F-4BA5-A7A3-720C7CD343EE}.Debug|Any CPU.ActiveCfg = Debug|Any CPU
		{ADCD19E0-DE2F-4BA5-A7A3-720C7CD343EE}.Debug|Any CPU.Build.0 = Debug|Any CPU
		{ADCD19E0-DE2F-4BA5-A7A3-720C7CD343EE}.Release|Any CPU.ActiveCfg = Release|Any CPU
		{ADCD19E0-DE2F-4BA5-A7A3-720C7CD343EE}.Release|Any CPU.Build.0 = Release|Any CPU
	EndGlobalSection
	GlobalSection(SolutionProperties) = preSolution
		HideSolutionNode = FALSE
	EndGlobalSection
	GlobalSection(ExtensibilityGlobals) = postSolution
		SolutionGuid = {60307DE5-7B44-42B4-9B3F-C990D76B9811}
	EndGlobalSection
EndGlobal
